// !$*UTF8*$!
{
	archiveVersion = 1;
	classes = {
	};
	objectVersion = 48;
	objects = {

/* Begin PBXBuildFile section */
		B7115FDA780EF8974E2648BA /* Pods_FitWell.framework in Frameworks */ = {isa = PBXBuildFile; fileRef = A9D6C87351D2625B06521083 /* Pods_FitWell.framework */; };
		C38A0655F69BFBB5525049A0 /* Pods_FitWellTests.framework in Frameworks */ = {isa = PBXBuildFile; fileRef = 9E61B0FC970F3C1A468B605C /* Pods_FitWellTests.framework */; };
		E64097C920F3477F00DA5E75 /* AppDelegate.swift in Sources */ = {isa = PBXBuildFile; fileRef = E64097C820F3477F00DA5E75 /* AppDelegate.swift */; };
		E64097CE20F3477F00DA5E75 /* Main.storyboard in Resources */ = {isa = PBXBuildFile; fileRef = E64097CC20F3477F00DA5E75 /* Main.storyboard */; };
		E64097D020F3477F00DA5E75 /* Assets.xcassets in Resources */ = {isa = PBXBuildFile; fileRef = E64097CF20F3477F00DA5E75 /* Assets.xcassets */; };
		E64097D320F3477F00DA5E75 /* LaunchScreen.storyboard in Resources */ = {isa = PBXBuildFile; fileRef = E64097D120F3477F00DA5E75 /* LaunchScreen.storyboard */; };
		E64097DE20F3477F00DA5E75 /* FitWellTests.swift in Sources */ = {isa = PBXBuildFile; fileRef = E64097DD20F3477F00DA5E75 /* FitWellTests.swift */; };
		E64097E920F356C700DA5E75 /* RacesCell.swift in Sources */ = {isa = PBXBuildFile; fileRef = E64097E820F356C700DA5E75 /* RacesCell.swift */; };
		E64097EB20F3572D00DA5E75 /* RacesVC.swift in Sources */ = {isa = PBXBuildFile; fileRef = E64097EA20F3572D00DA5E75 /* RacesVC.swift */; };
		E6D73BB320F35B2D00A394AD /* RoundedCornersView.swift in Sources */ = {isa = PBXBuildFile; fileRef = E6D73BB220F35B2D00A394AD /* RoundedCornersView.swift */; };
		E6D73BB720F35C9700A394AD /* ProfileImageView.swift in Sources */ = {isa = PBXBuildFile; fileRef = E6D73BB620F35C9700A394AD /* ProfileImageView.swift */; };
		E6D73BB920F35E2400A394AD /* RacesModel.swift in Sources */ = {isa = PBXBuildFile; fileRef = E6D73BB820F35E2400A394AD /* RacesModel.swift */; };
/* End PBXBuildFile section */

/* Begin PBXContainerItemProxy section */
		E64097DA20F3477F00DA5E75 /* PBXContainerItemProxy */ = {
			isa = PBXContainerItemProxy;
			containerPortal = E64097BD20F3477E00DA5E75 /* Project object */;
			proxyType = 1;
			remoteGlobalIDString = E64097C420F3477E00DA5E75;
			remoteInfo = FitWell;
		};
/* End PBXContainerItemProxy section */

/* Begin PBXFileReference section */
		05B9DCD48604D8E3CF8CC22D /* Pods-FitWellTests.release.xcconfig */ = {isa = PBXFileReference; includeInIndex = 1; lastKnownFileType = text.xcconfig; name = "Pods-FitWellTests.release.xcconfig"; path = "Pods/Target Support Files/Pods-FitWellTests/Pods-FitWellTests.release.xcconfig"; sourceTree = "<group>"; };
		0BB2AFE03E8D8BB62ED360D9 /* Pods-FitWellTests.debug.xcconfig */ = {isa = PBXFileReference; includeInIndex = 1; lastKnownFileType = text.xcconfig; name = "Pods-FitWellTests.debug.xcconfig"; path = "Pods/Target Support Files/Pods-FitWellTests/Pods-FitWellTests.debug.xcconfig"; sourceTree = "<group>"; };
		83B37079C1F31944A267DF9F /* Pods-FitWell.debug.xcconfig */ = {isa = PBXFileReference; includeInIndex = 1; lastKnownFileType = text.xcconfig; name = "Pods-FitWell.debug.xcconfig"; path = "Pods/Target Support Files/Pods-FitWell/Pods-FitWell.debug.xcconfig"; sourceTree = "<group>"; };
		9E61B0FC970F3C1A468B605C /* Pods_FitWellTests.framework */ = {isa = PBXFileReference; explicitFileType = wrapper.framework; includeInIndex = 0; path = Pods_FitWellTests.framework; sourceTree = BUILT_PRODUCTS_DIR; };
		A9D6C87351D2625B06521083 /* Pods_FitWell.framework */ = {isa = PBXFileReference; explicitFileType = wrapper.framework; includeInIndex = 0; path = Pods_FitWell.framework; sourceTree = BUILT_PRODUCTS_DIR; };
		E64097C520F3477F00DA5E75 /* FitWell.app */ = {isa = PBXFileReference; explicitFileType = wrapper.application; includeInIndex = 0; path = FitWell.app; sourceTree = BUILT_PRODUCTS_DIR; };
		E64097C820F3477F00DA5E75 /* AppDelegate.swift */ = {isa = PBXFileReference; lastKnownFileType = sourcecode.swift; path = AppDelegate.swift; sourceTree = "<group>"; };
		E64097CD20F3477F00DA5E75 /* Base */ = {isa = PBXFileReference; lastKnownFileType = file.storyboard; name = Base; path = Base.lproj/Main.storyboard; sourceTree = "<group>"; };
		E64097CF20F3477F00DA5E75 /* Assets.xcassets */ = {isa = PBXFileReference; lastKnownFileType = folder.assetcatalog; path = Assets.xcassets; sourceTree = "<group>"; };
		E64097D220F3477F00DA5E75 /* Base */ = {isa = PBXFileReference; lastKnownFileType = file.storyboard; name = Base; path = Base.lproj/LaunchScreen.storyboard; sourceTree = "<group>"; };
		E64097D420F3477F00DA5E75 /* Info.plist */ = {isa = PBXFileReference; lastKnownFileType = text.plist.xml; path = Info.plist; sourceTree = "<group>"; };
		E64097D920F3477F00DA5E75 /* FitWellTests.xctest */ = {isa = PBXFileReference; explicitFileType = wrapper.cfbundle; includeInIndex = 0; path = FitWellTests.xctest; sourceTree = BUILT_PRODUCTS_DIR; };
		E64097DD20F3477F00DA5E75 /* FitWellTests.swift */ = {isa = PBXFileReference; lastKnownFileType = sourcecode.swift; path = FitWellTests.swift; sourceTree = "<group>"; };
		E64097DF20F3477F00DA5E75 /* Info.plist */ = {isa = PBXFileReference; lastKnownFileType = text.plist.xml; path = Info.plist; sourceTree = "<group>"; };
		E64097E820F356C700DA5E75 /* RacesCell.swift */ = {isa = PBXFileReference; lastKnownFileType = sourcecode.swift; path = RacesCell.swift; sourceTree = "<group>"; };
		E64097EA20F3572D00DA5E75 /* RacesVC.swift */ = {isa = PBXFileReference; lastKnownFileType = sourcecode.swift; path = RacesVC.swift; sourceTree = "<group>"; };
		E6D73BB220F35B2D00A394AD /* RoundedCornersView.swift */ = {isa = PBXFileReference; lastKnownFileType = sourcecode.swift; path = RoundedCornersView.swift; sourceTree = "<group>"; };
		E6D73BB620F35C9700A394AD /* ProfileImageView.swift */ = {isa = PBXFileReference; lastKnownFileType = sourcecode.swift; path = ProfileImageView.swift; sourceTree = "<group>"; };
		E6D73BB820F35E2400A394AD /* RacesModel.swift */ = {isa = PBXFileReference; lastKnownFileType = sourcecode.swift; path = RacesModel.swift; sourceTree = "<group>"; };
		F098EE17C25F856080425C00 /* Pods-FitWell.release.xcconfig */ = {isa = PBXFileReference; includeInIndex = 1; lastKnownFileType = text.xcconfig; name = "Pods-FitWell.release.xcconfig"; path = "Pods/Target Support Files/Pods-FitWell/Pods-FitWell.release.xcconfig"; sourceTree = "<group>"; };
/* End PBXFileReference section */

/* Begin PBXFrameworksBuildPhase section */
		E64097C220F3477E00DA5E75 /* Frameworks */ = {
			isa = PBXFrameworksBuildPhase;
			buildActionMask = 2147483647;
			files = (
				B7115FDA780EF8974E2648BA /* Pods_FitWell.framework in Frameworks */,
			);
			runOnlyForDeploymentPostprocessing = 0;
		};
		E64097D620F3477F00DA5E75 /* Frameworks */ = {
			isa = PBXFrameworksBuildPhase;
			buildActionMask = 2147483647;
			files = (
				C38A0655F69BFBB5525049A0 /* Pods_FitWellTests.framework in Frameworks */,
			);
			runOnlyForDeploymentPostprocessing = 0;
		};
/* End PBXFrameworksBuildPhase section */

/* Begin PBXGroup section */
		00B873AD6AB098C594860183 /* Pods */ = {
			isa = PBXGroup;
			children = (
				83B37079C1F31944A267DF9F /* Pods-FitWell.debug.xcconfig */,
				F098EE17C25F856080425C00 /* Pods-FitWell.release.xcconfig */,
				0BB2AFE03E8D8BB62ED360D9 /* Pods-FitWellTests.debug.xcconfig */,
				05B9DCD48604D8E3CF8CC22D /* Pods-FitWellTests.release.xcconfig */,
			);
			name = Pods;
			sourceTree = "<group>";
		};
		882C093973F16D4E2FDE838D /* Frameworks */ = {
			isa = PBXGroup;
			children = (
				A9D6C87351D2625B06521083 /* Pods_FitWell.framework */,
				9E61B0FC970F3C1A468B605C /* Pods_FitWellTests.framework */,
			);
			name = Frameworks;
			sourceTree = "<group>";
		};
		E64097BC20F3477E00DA5E75 = {
			isa = PBXGroup;
			children = (
				E64097C720F3477F00DA5E75 /* FitWell */,
				E64097DC20F3477F00DA5E75 /* FitWellTests */,
				E64097C620F3477F00DA5E75 /* Products */,
				00B873AD6AB098C594860183 /* Pods */,
				882C093973F16D4E2FDE838D /* Frameworks */,
			);
			sourceTree = "<group>";
		};
		E64097C620F3477F00DA5E75 /* Products */ = {
			isa = PBXGroup;
			children = (
				E64097C520F3477F00DA5E75 /* FitWell.app */,
				E64097D920F3477F00DA5E75 /* FitWellTests.xctest */,
			);
			name = Products;
			sourceTree = "<group>";
		};
		E64097C720F3477F00DA5E75 /* FitWell */ = {
			isa = PBXGroup;
			children = (
				E64097C820F3477F00DA5E75 /* AppDelegate.swift */,
				E64097EA20F3572D00DA5E75 /* RacesVC.swift */,
				E6D73BBA20F35E2800A394AD /* DataModels */,
				E6D73BB520F35C0400A394AD /* Custom Cells */,
				E6D73BB120F35B1500A394AD /* CustomViews */,
				E6D73BB420F35BD400A394AD /* Storyboards&Assets */,
				E64097D420F3477F00DA5E75 /* Info.plist */,
			);
			path = FitWell;
			sourceTree = "<group>";
		};
		E64097DC20F3477F00DA5E75 /* FitWellTests */ = {
			isa = PBXGroup;
			children = (
				E64097DD20F3477F00DA5E75 /* FitWellTests.swift */,
				E64097DF20F3477F00DA5E75 /* Info.plist */,
			);
			path = FitWellTests;
			sourceTree = "<group>";
		};
		E6D73BB120F35B1500A394AD /* CustomViews */ = {
			isa = PBXGroup;
			children = (
				E6D73BB220F35B2D00A394AD /* RoundedCornersView.swift */,
				E6D73BB620F35C9700A394AD /* ProfileImageView.swift */,
			);
			path = CustomViews;
			sourceTree = "<group>";
		};
		E6D73BB420F35BD400A394AD /* Storyboards&Assets */ = {
			isa = PBXGroup;
			children = (
				E64097CC20F3477F00DA5E75 /* Main.storyboard */,
				E64097D120F3477F00DA5E75 /* LaunchScreen.storyboard */,
				E64097CF20F3477F00DA5E75 /* Assets.xcassets */,
			);
			path = "Storyboards&Assets";
			sourceTree = "<group>";
		};
		E6D73BB520F35C0400A394AD /* Custom Cells */ = {
			isa = PBXGroup;
			children = (
				E64097E820F356C700DA5E75 /* RacesCell.swift */,
			);
			path = "Custom Cells";
			sourceTree = "<group>";
		};
		E6D73BBA20F35E2800A394AD /* DataModels */ = {
			isa = PBXGroup;
			children = (
				E6D73BB820F35E2400A394AD /* RacesModel.swift */,
			);
			path = DataModels;
			sourceTree = "<group>";
		};
/* End PBXGroup section */

/* Begin PBXNativeTarget section */
		E64097C420F3477E00DA5E75 /* FitWell */ = {
			isa = PBXNativeTarget;
			buildConfigurationList = E64097E220F3477F00DA5E75 /* Build configuration list for PBXNativeTarget "FitWell" */;
			buildPhases = (
				C1F59B602CEEE059A70492DD /* [CP] Check Pods Manifest.lock */,
				E64097C120F3477E00DA5E75 /* Sources */,
				E64097C220F3477E00DA5E75 /* Frameworks */,
				E64097C320F3477E00DA5E75 /* Resources */,
				3ABF2DA963CE4A668E8D9E5F /* [CP] Embed Pods Frameworks */,
			);
			buildRules = (
			);
			dependencies = (
			);
			name = FitWell;
			productName = FitWell;
			productReference = E64097C520F3477F00DA5E75 /* FitWell.app */;
			productType = "com.apple.product-type.application";
		};
		E64097D820F3477F00DA5E75 /* FitWellTests */ = {
			isa = PBXNativeTarget;
			buildConfigurationList = E64097E520F3477F00DA5E75 /* Build configuration list for PBXNativeTarget "FitWellTests" */;
			buildPhases = (
				01F640A714C2F1F0486E32A4 /* [CP] Check Pods Manifest.lock */,
				E64097D520F3477F00DA5E75 /* Sources */,
				E64097D620F3477F00DA5E75 /* Frameworks */,
				E64097D720F3477F00DA5E75 /* Resources */,
			);
			buildRules = (
			);
			dependencies = (
				E64097DB20F3477F00DA5E75 /* PBXTargetDependency */,
			);
			name = FitWellTests;
			productName = FitWellTests;
			productReference = E64097D920F3477F00DA5E75 /* FitWellTests.xctest */;
			productType = "com.apple.product-type.bundle.unit-test";
		};
/* End PBXNativeTarget section */

/* Begin PBXProject section */
		E64097BD20F3477E00DA5E75 /* Project object */ = {
			isa = PBXProject;
			attributes = {
				LastSwiftUpdateCheck = 0920;
				LastUpgradeCheck = 0920;
				ORGANIZATIONNAME = "Lefteris Haritou";
				TargetAttributes = {
					E64097C420F3477E00DA5E75 = {
						CreatedOnToolsVersion = 9.2;
						ProvisioningStyle = Automatic;
					};
					E64097D820F3477F00DA5E75 = {
						CreatedOnToolsVersion = 9.2;
						ProvisioningStyle = Automatic;
						TestTargetID = E64097C420F3477E00DA5E75;
					};
				};
			};
			buildConfigurationList = E64097C020F3477E00DA5E75 /* Build configuration list for PBXProject "FitWell" */;
			compatibilityVersion = "Xcode 8.0";
			developmentRegion = en;
			hasScannedForEncodings = 0;
			knownRegions = (
				en,
				Base,
			);
			mainGroup = E64097BC20F3477E00DA5E75;
			productRefGroup = E64097C620F3477F00DA5E75 /* Products */;
			projectDirPath = "";
			projectRoot = "";
			targets = (
				E64097C420F3477E00DA5E75 /* FitWell */,
				E64097D820F3477F00DA5E75 /* FitWellTests */,
			);
		};
/* End PBXProject section */

/* Begin PBXResourcesBuildPhase section */
		E64097C320F3477E00DA5E75 /* Resources */ = {
			isa = PBXResourcesBuildPhase;
			buildActionMask = 2147483647;
			files = (
				E64097D320F3477F00DA5E75 /* LaunchScreen.storyboard in Resources */,
				E64097D020F3477F00DA5E75 /* Assets.xcassets in Resources */,
				E64097CE20F3477F00DA5E75 /* Main.storyboard in Resources */,
			);
			runOnlyForDeploymentPostprocessing = 0;
		};
		E64097D720F3477F00DA5E75 /* Resources */ = {
			isa = PBXResourcesBuildPhase;
			buildActionMask = 2147483647;
			files = (
			);
			runOnlyForDeploymentPostprocessing = 0;
		};
/* End PBXResourcesBuildPhase section */

/* Begin PBXShellScriptBuildPhase section */
		01F640A714C2F1F0486E32A4 /* [CP] Check Pods Manifest.lock */ = {
			isa = PBXShellScriptBuildPhase;
			buildActionMask = 2147483647;
			files = (
			);
			inputPaths = (
				"${PODS_PODFILE_DIR_PATH}/Podfile.lock",
				"${PODS_ROOT}/Manifest.lock",
			);
			name = "[CP] Check Pods Manifest.lock";
			outputPaths = (
				"$(DERIVED_FILE_DIR)/Pods-FitWellTests-checkManifestLockResult.txt",
			);
			runOnlyForDeploymentPostprocessing = 0;
			shellPath = /bin/sh;
			shellScript = "diff \"${PODS_PODFILE_DIR_PATH}/Podfile.lock\" \"${PODS_ROOT}/Manifest.lock\" > /dev/null\nif [ $? != 0 ] ; then\n    # print error to STDERR\n    echo \"error: The sandbox is not in sync with the Podfile.lock. Run 'pod install' or update your CocoaPods installation.\" >&2\n    exit 1\nfi\n# This output is used by Xcode 'outputs' to avoid re-running this script phase.\necho \"SUCCESS\" > \"${SCRIPT_OUTPUT_FILE_0}\"\n";
			showEnvVarsInLog = 0;
		};
		3ABF2DA963CE4A668E8D9E5F /* [CP] Embed Pods Frameworks */ = {
			isa = PBXShellScriptBuildPhase;
			buildActionMask = 2147483647;
			files = (
			);
			inputPaths = (
				"${SRCROOT}/Pods/Target Support Files/Pods-FitWell/Pods-FitWell-frameworks.sh",
				"${BUILT_PRODUCTS_DIR}/Alamofire/Alamofire.framework",
				"${BUILT_PRODUCTS_DIR}/AlamofireImage/AlamofireImage.framework",
			);
			name = "[CP] Embed Pods Frameworks";
			outputPaths = (
				"${TARGET_BUILD_DIR}/${FRAMEWORKS_FOLDER_PATH}/Alamofire.framework",
				"${TARGET_BUILD_DIR}/${FRAMEWORKS_FOLDER_PATH}/AlamofireImage.framework",
			);
			runOnlyForDeploymentPostprocessing = 0;
			shellPath = /bin/sh;
			shellScript = "\"${SRCROOT}/Pods/Target Support Files/Pods-FitWell/Pods-FitWell-frameworks.sh\"\n";
			showEnvVarsInLog = 0;
		};
		C1F59B602CEEE059A70492DD /* [CP] Check Pods Manifest.lock */ = {
			isa = PBXShellScriptBuildPhase;
			buildActionMask = 2147483647;
			files = (
			);
			inputPaths = (
				"${PODS_PODFILE_DIR_PATH}/Podfile.lock",
				"${PODS_ROOT}/Manifest.lock",
			);
			name = "[CP] Check Pods Manifest.lock";
			outputPaths = (
				"$(DERIVED_FILE_DIR)/Pods-FitWell-checkManifestLockResult.txt",
			);
			runOnlyForDeploymentPostprocessing = 0;
			shellPath = /bin/sh;
			shellScript = "diff \"${PODS_PODFILE_DIR_PATH}/Podfile.lock\" \"${PODS_ROOT}/Manifest.lock\" > /dev/null\nif [ $? != 0 ] ; then\n    # print error to STDERR\n    echo \"error: The sandbox is not in sync with the Podfile.lock. Run 'pod install' or update your CocoaPods installation.\" >&2\n    exit 1\nfi\n# This output is used by Xcode 'outputs' to avoid re-running this script phase.\necho \"SUCCESS\" > \"${SCRIPT_OUTPUT_FILE_0}\"\n";
			showEnvVarsInLog = 0;
		};
/* End PBXShellScriptBuildPhase section */

/* Begin PBXSourcesBuildPhase section */
		E64097C120F3477E00DA5E75 /* Sources */ = {
			isa = PBXSourcesBuildPhase;
			buildActionMask = 2147483647;
			files = (
				E64097C920F3477F00DA5E75 /* AppDelegate.swift in Sources */,
				E6D73BB720F35C9700A394AD /* ProfileImageView.swift in Sources */,
				E64097E920F356C700DA5E75 /* RacesCell.swift in Sources */,
				E6D73BB320F35B2D00A394AD /* RoundedCornersView.swift in Sources */,
				E6D73BB920F35E2400A394AD /* RacesModel.swift in Sources */,
				E64097EB20F3572D00DA5E75 /* RacesVC.swift in Sources */,
			);
			runOnlyForDeploymentPostprocessing = 0;
		};
		E64097D520F3477F00DA5E75 /* Sources */ = {
			isa = PBXSourcesBuildPhase;
			buildActionMask = 2147483647;
			files = (
				E64097DE20F3477F00DA5E75 /* FitWellTests.swift in Sources */,
			);
			runOnlyForDeploymentPostprocessing = 0;
		};
/* End PBXSourcesBuildPhase section */

/* Begin PBXTargetDependency section */
		E64097DB20F3477F00DA5E75 /* PBXTargetDependency */ = {
			isa = PBXTargetDependency;
			target = E64097C420F3477E00DA5E75 /* FitWell */;
			targetProxy = E64097DA20F3477F00DA5E75 /* PBXContainerItemProxy */;
		};
/* End PBXTargetDependency section */

/* Begin PBXVariantGroup section */
		E64097CC20F3477F00DA5E75 /* Main.storyboard */ = {
			isa = PBXVariantGroup;
			children = (
				E64097CD20F3477F00DA5E75 /* Base */,
			);
			name = Main.storyboard;
			sourceTree = "<group>";
		};
		E64097D120F3477F00DA5E75 /* LaunchScreen.storyboard */ = {
			isa = PBXVariantGroup;
			children = (
				E64097D220F3477F00DA5E75 /* Base */,
			);
			name = LaunchScreen.storyboard;
			sourceTree = "<group>";
		};
/* End PBXVariantGroup section */

/* Begin XCBuildConfiguration section */
		E64097E020F3477F00DA5E75 /* Debug */ = {
			isa = XCBuildConfiguration;
			buildSettings = {
				ALWAYS_SEARCH_USER_PATHS = NO;
				CLANG_ANALYZER_NONNULL = YES;
				CLANG_ANALYZER_NUMBER_OBJECT_CONVERSION = YES_AGGRESSIVE;
				CLANG_CXX_LANGUAGE_STANDARD = "gnu++14";
				CLANG_CXX_LIBRARY = "libc++";
				CLANG_ENABLE_MODULES = YES;
				CLANG_ENABLE_OBJC_ARC = YES;
				CLANG_WARN_BLOCK_CAPTURE_AUTORELEASING = YES;
				CLANG_WARN_BOOL_CONVERSION = YES;
				CLANG_WARN_COMMA = YES;
				CLANG_WARN_CONSTANT_CONVERSION = YES;
				CLANG_WARN_DIRECT_OBJC_ISA_USAGE = YES_ERROR;
				CLANG_WARN_DOCUMENTATION_COMMENTS = YES;
				CLANG_WARN_EMPTY_BODY = YES;
				CLANG_WARN_ENUM_CONVERSION = YES;
				CLANG_WARN_INFINITE_RECURSION = YES;
				CLANG_WARN_INT_CONVERSION = YES;
				CLANG_WARN_NON_LITERAL_NULL_CONVERSION = YES;
				CLANG_WARN_OBJC_LITERAL_CONVERSION = YES;
				CLANG_WARN_OBJC_ROOT_CLASS = YES_ERROR;
				CLANG_WARN_RANGE_LOOP_ANALYSIS = YES;
				CLANG_WARN_STRICT_PROTOTYPES = YES;
				CLANG_WARN_SUSPICIOUS_MOVE = YES;
				CLANG_WARN_UNGUARDED_AVAILABILITY = YES_AGGRESSIVE;
				CLANG_WARN_UNREACHABLE_CODE = YES;
				CLANG_WARN__DUPLICATE_METHOD_MATCH = YES;
				CODE_SIGN_IDENTITY = "iPhone Developer";
				COPY_PHASE_STRIP = NO;
				DEBUG_INFORMATION_FORMAT = dwarf;
				ENABLE_STRICT_OBJC_MSGSEND = YES;
				ENABLE_TESTABILITY = YES;
				GCC_C_LANGUAGE_STANDARD = gnu11;
				GCC_DYNAMIC_NO_PIC = NO;
				GCC_NO_COMMON_BLOCKS = YES;
				GCC_OPTIMIZATION_LEVEL = 0;
				GCC_PREPROCESSOR_DEFINITIONS = (
					"DEBUG=1",
					"$(inherited)",
				);
				GCC_WARN_64_TO_32_BIT_CONVERSION = YES;
				GCC_WARN_ABOUT_RETURN_TYPE = YES_ERROR;
				GCC_WARN_UNDECLARED_SELECTOR = YES;
				GCC_WARN_UNINITIALIZED_AUTOS = YES_AGGRESSIVE;
				GCC_WARN_UNUSED_FUNCTION = YES;
				GCC_WARN_UNUSED_VARIABLE = YES;
				IPHONEOS_DEPLOYMENT_TARGET = 11.2;
				MTL_ENABLE_DEBUG_INFO = YES;
				ONLY_ACTIVE_ARCH = YES;
				SDKROOT = iphoneos;
				SWIFT_ACTIVE_COMPILATION_CONDITIONS = DEBUG;
				SWIFT_OPTIMIZATION_LEVEL = "-Onone";
			};
			name = Debug;
		};
		E64097E120F3477F00DA5E75 /* Release */ = {
			isa = XCBuildConfiguration;
			buildSettings = {
				ALWAYS_SEARCH_USER_PATHS = NO;
				CLANG_ANALYZER_NONNULL = YES;
				CLANG_ANALYZER_NUMBER_OBJECT_CONVERSION = YES_AGGRESSIVE;
				CLANG_CXX_LANGUAGE_STANDARD = "gnu++14";
				CLANG_CXX_LIBRARY = "libc++";
				CLANG_ENABLE_MODULES = YES;
				CLANG_ENABLE_OBJC_ARC = YES;
				CLANG_WARN_BLOCK_CAPTURE_AUTORELEASING = YES;
				CLANG_WARN_BOOL_CONVERSION = YES;
				CLANG_WARN_COMMA = YES;
				CLANG_WARN_CONSTANT_CONVERSION = YES;
				CLANG_WARN_DIRECT_OBJC_ISA_USAGE = YES_ERROR;
				CLANG_WARN_DOCUMENTATION_COMMENTS = YES;
				CLANG_WARN_EMPTY_BODY = YES;
				CLANG_WARN_ENUM_CONVERSION = YES;
				CLANG_WARN_INFINITE_RECURSION = YES;
				CLANG_WARN_INT_CONVERSION = YES;
				CLANG_WARN_NON_LITERAL_NULL_CONVERSION = YES;
				CLANG_WARN_OBJC_LITERAL_CONVERSION = YES;
				CLANG_WARN_OBJC_ROOT_CLASS = YES_ERROR;
				CLANG_WARN_RANGE_LOOP_ANALYSIS = YES;
				CLANG_WARN_STRICT_PROTOTYPES = YES;
				CLANG_WARN_SUSPICIOUS_MOVE = YES;
				CLANG_WARN_UNGUARDED_AVAILABILITY = YES_AGGRESSIVE;
				CLANG_WARN_UNREACHABLE_CODE = YES;
				CLANG_WARN__DUPLICATE_METHOD_MATCH = YES;
				CODE_SIGN_IDENTITY = "iPhone Developer";
				COPY_PHASE_STRIP = NO;
				DEBUG_INFORMATION_FORMAT = "dwarf-with-dsym";
				ENABLE_NS_ASSERTIONS = NO;
				ENABLE_STRICT_OBJC_MSGSEND = YES;
				GCC_C_LANGUAGE_STANDARD = gnu11;
				GCC_NO_COMMON_BLOCKS = YES;
				GCC_WARN_64_TO_32_BIT_CONVERSION = YES;
				GCC_WARN_ABOUT_RETURN_TYPE = YES_ERROR;
				GCC_WARN_UNDECLARED_SELECTOR = YES;
				GCC_WARN_UNINITIALIZED_AUTOS = YES_AGGRESSIVE;
				GCC_WARN_UNUSED_FUNCTION = YES;
				GCC_WARN_UNUSED_VARIABLE = YES;
				IPHONEOS_DEPLOYMENT_TARGET = 11.2;
				MTL_ENABLE_DEBUG_INFO = NO;
				SDKROOT = iphoneos;
				SWIFT_OPTIMIZATION_LEVEL = "-Owholemodule";
				VALIDATE_PRODUCT = YES;
			};
			name = Release;
		};
		E64097E320F3477F00DA5E75 /* Debug */ = {
			isa = XCBuildConfiguration;
			baseConfigurationReference = 83B37079C1F31944A267DF9F /* Pods-FitWell.debug.xcconfig */;
			buildSettings = {
				ASSETCATALOG_COMPILER_APPICON_NAME = AppIcon;
				CODE_SIGN_STYLE = Automatic;
				DEVELOPMENT_TEAM = L9KT4T25TK;
				INFOPLIST_FILE = FitWell/Info.plist;
				IPHONEOS_DEPLOYMENT_TARGET = 10.0;
				LD_RUNPATH_SEARCH_PATHS = "$(inherited) @executable_path/Frameworks";
				PRODUCT_BUNDLE_IDENTIFIER = com.anoxy.FitWell;
				PRODUCT_NAME = "$(TARGET_NAME)";
				SWIFT_VERSION = 4.0;
				TARGETED_DEVICE_FAMILY = 1;
			};
			name = Debug;
		};
		E64097E420F3477F00DA5E75 /* Release */ = {
			isa = XCBuildConfiguration;
			baseConfigurationReference = F098EE17C25F856080425C00 /* Pods-FitWell.release.xcconfig */;
			buildSettings = {
				ASSETCATALOG_COMPILER_APPICON_NAME = AppIcon;
				CODE_SIGN_STYLE = Automatic;
				DEVELOPMENT_TEAM = L9KT4T25TK;
				INFOPLIST_FILE = FitWell/Info.plist;
				IPHONEOS_DEPLOYMENT_TARGET = 10.0;
				LD_RUNPATH_SEARCH_PATHS = "$(inherited) @executable_path/Frameworks";
				PRODUCT_BUNDLE_IDENTIFIER = com.anoxy.FitWell;
				PRODUCT_NAME = "$(TARGET_NAME)";
				SWIFT_VERSION = 4.0;
				TARGETED_DEVICE_FAMILY = 1;
			};
			name = Release;
		};
		E64097E620F3477F00DA5E75 /* Debug */ = {
			isa = XCBuildConfiguration;
			baseConfigurationReference = 0BB2AFE03E8D8BB62ED360D9 /* Pods-FitWellTests.debug.xcconfig */;
			buildSettings = {
				ALWAYS_EMBED_SWIFT_STANDARD_LIBRARIES = YES;
				BUNDLE_LOADER = "$(TEST_HOST)";
				CODE_SIGN_STYLE = Automatic;
				DEVELOPMENT_TEAM = L9KT4T25TK;
				INFOPLIST_FILE = FitWellTests/Info.plist;
				LD_RUNPATH_SEARCH_PATHS = "$(inherited) @executable_path/Frameworks @loader_path/Frameworks";
				PRODUCT_BUNDLE_IDENTIFIER = com.anoxy.FitWellTests;
				PRODUCT_NAME = "$(TARGET_NAME)";
				SWIFT_VERSION = 4.0;
				TARGETED_DEVICE_FAMILY = "1,2";
				TEST_HOST = "$(BUILT_PRODUCTS_DIR)/FitWell.app/FitWell";
			};
			name = Debug;
		};
		E64097E720F3477F00DA5E75 /* Release */ = {
			isa = XCBuildConfiguration;
			baseConfigurationReference = 05B9DCD48604D8E3CF8CC22D /* Pods-FitWellTests.release.xcconfig */;
			buildSettings = {
				ALWAYS_EMBED_SWIFT_STANDARD_LIBRARIES = YES;
				BUNDLE_LOADER = "$(TEST_HOST)";
				CODE_SIGN_STYLE = Automatic;
				DEVELOPMENT_TEAM = L9KT4T25TK;
				INFOPLIST_FILE = FitWellTests/Info.plist;
				LD_RUNPATH_SEARCH_PATHS = "$(inherited) @executable_path/Frameworks @loader_path/Frameworks";
				PRODUCT_BUNDLE_IDENTIFIER = com.anoxy.FitWellTests;
				PRODUCT_NAME = "$(TARGET_NAME)";
				SWIFT_VERSION = 4.0;
				TARGETED_DEVICE_FAMILY = "1,2";
				TEST_HOST = "$(BUILT_PRODUCTS_DIR)/FitWell.app/FitWell";
			};
			name = Release;
		};
/* End XCBuildConfiguration section */

/* Begin XCConfigurationList section */
		E64097C020F3477E00DA5E75 /* Build configuration list for PBXProject "FitWell" */ = {
			isa = XCConfigurationList;
			buildConfigurations = (
				E64097E020F3477F00DA5E75 /* Debug */,
				E64097E120F3477F00DA5E75 /* Release */,
			);
			defaultConfigurationIsVisible = 0;
			defaultConfigurationName = Release;
		};
		E64097E220F3477F00DA5E75 /* Build configuration list for PBXNativeTarget "FitWell" */ = {
			isa = XCConfigurationList;
			buildConfigurations = (
				E64097E320F3477F00DA5E75 /* Debug */,
				E64097E420F3477F00DA5E75 /* Release */,
			);
			defaultConfigurationIsVisible = 0;
			defaultConfigurationName = Release;
		};
		E64097E520F3477F00DA5E75 /* Build configuration list for PBXNativeTarget "FitWellTests" */ = {
			isa = XCConfigurationList;
			buildConfigurations = (
				E64097E620F3477F00DA5E75 /* Debug */,
				E64097E720F3477F00DA5E75 /* Release */,
			);
			defaultConfigurationIsVisible = 0;
			defaultConfigurationName = Release;
		};
/* End XCConfigurationList section */
	};
	rootObject = E64097BD20F3477E00DA5E75 /* Project object */;
}
